<Solution>
  <Configurations>
    <Platform Name="x64" />
    <Platform Name="x86" />
  </Configurations>
  <Project Path="Bai01/Bai01.vcxproj" Id="8e618ea9-5bb0-44e5-93ea-3516fd6ebd31" />
  <Project Path="Bai02/Bai02.vcxproj" Id="abe5c7c9-585f-493a-bae4-b4c7f4282f04" />
  <Project Path="Bai03/Bai03.vcxproj" Id="cd8b5b56-4c79-4a8c-9447-8066f80d4f12" />
  <Project Path="Bai04/Bai04.vcxproj" Id="f42f6557-7069-4db3-9bbc-82bfd861c3f1" />
</Solution>
