<Solution>
  <Configurations>
    <Platform Name="x64" />
    <Platform Name="x86" />
  </Configurations>
  <Project Path="Bai01/Bai01.vcxproj" Id="d1d52d39-91b4-419d-914d-f38b7cc18fc7" />
  <Project Path="Bai02/Bai02.vcxproj" Id="676671d6-a807-4392-91d9-1fc57a73618b" />
  <Project Path="Bai03/Bai03.vcxproj" Id="76858fba-4aea-47ae-ba25-1f84bf012fc6" />
  <Project Path="Bai04/Bai04.vcxproj" Id="aa0b6406-5268-425e-ae2c-d9d4bc4e70a4" />
</Solution>
